
Microsoft Visual Studio Solution File, Format Version 12.00
# Visual Studio Version 17
VisualStudioVersion = 17.8.34408.163
MinimumVisualStudioVersion = 10.0.40219.1
Project("{9A19103F-16F7-4668-BE54-9A1E7A4F7556}") = "Nanuq.Sqlite", "Nanuq.Sqlite\Nanuq.Sqlite.csproj", "{AFF599D5-50D9-4887-A2B4-B7BC7DFED067}"
EndProject
Project("{9A19103F-16F7-4668-BE54-9A1E7A4F7556}") = "Nanuq.WebApi", "Nanuq.WebApi\Nanuq.WebApi.csproj", "{D41F7AED-85DC-4DF0-AFA8-77A9ABDE8E66}"
EndProject
Project("{9A19103F-16F7-4668-BE54-9A1E7A4F7556}") = "Nanuq.Host", "Nanuq.Host\Nanuq.Host.csproj", "{B0AA0068-96A8-4581-B39C-34C1D2810E1F}"
EndProject
Project("{9A19103F-16F7-4668-BE54-9A1E7A4F7556}") = "Nanuq.ServiceDefaults", "Nanuq.ServiceDefaults\Nanuq.ServiceDefaults.csproj", "{E2596FB1-7CC0-4AB1-8CAB-5B4C17918506}"
EndProject
Project("{FAE04EC0-301F-11D3-BF4B-00C04F79EFBC}") = "Nanuq.Kafka", "Nanuq.Kafka\Nanuq.Kafka.csproj", "{A3E1C980-D5D3-4ACC-9090-4FB903BF7DC9}"
EndProject
Global
	GlobalSection(SolutionConfigurationPlatforms) = preSolution
		Debug|Any CPU = Debug|Any CPU
		Release|Any CPU = Release|Any CPU
	EndGlobalSection
	GlobalSection(ProjectConfigurationPlatforms) = postSolution
		{AFF599D5-50D9-4887-A2B4-B7BC7DFED067}.Debug|Any CPU.ActiveCfg = Debug|Any CPU
		{AFF599D5-50D9-4887-A2B4-B7BC7DFED067}.Debug|Any CPU.Build.0 = Debug|Any CPU
		{AFF599D5-50D9-4887-A2B4-B7BC7DFED067}.Release|Any CPU.ActiveCfg = Release|Any CPU
		{AFF599D5-50D9-4887-A2B4-B7BC7DFED067}.Release|Any CPU.Build.0 = Release|Any CPU
		{D41F7AED-85DC-4DF0-AFA8-77A9ABDE8E66}.Debug|Any CPU.ActiveCfg = Debug|Any CPU
		{D41F7AED-85DC-4DF0-AFA8-77A9ABDE8E66}.Debug|Any CPU.Build.0 = Debug|Any CPU
		{D41F7AED-85DC-4DF0-AFA8-77A9ABDE8E66}.Release|Any CPU.ActiveCfg = Release|Any CPU
		{D41F7AED-85DC-4DF0-AFA8-77A9ABDE8E66}.Release|Any CPU.Build.0 = Release|Any CPU
		{B0AA0068-96A8-4581-B39C-34C1D2810E1F}.Debug|Any CPU.ActiveCfg = Debug|Any CPU
		{B0AA0068-96A8-4581-B39C-34C1D2810E1F}.Debug|Any CPU.Build.0 = Debug|Any CPU
		{B0AA0068-96A8-4581-B39C-34C1D2810E1F}.Release|Any CPU.ActiveCfg = Release|Any CPU
		{B0AA0068-96A8-4581-B39C-34C1D2810E1F}.Release|Any CPU.Build.0 = Release|Any CPU
		{E2596FB1-7CC0-4AB1-8CAB-5B4C17918506}.Debug|Any CPU.ActiveCfg = Debug|Any CPU
		{E2596FB1-7CC0-4AB1-8CAB-5B4C17918506}.Debug|Any CPU.Build.0 = Debug|Any CPU
		{E2596FB1-7CC0-4AB1-8CAB-5B4C17918506}.Release|Any CPU.ActiveCfg = Release|Any CPU
		{E2596FB1-7CC0-4AB1-8CAB-5B4C17918506}.Release|Any CPU.Build.0 = Release|Any CPU
		{A3E1C980-D5D3-4ACC-9090-4FB903BF7DC9}.Debug|Any CPU.ActiveCfg = Debug|Any CPU
		{A3E1C980-D5D3-4ACC-9090-4FB903BF7DC9}.Debug|Any CPU.Build.0 = Debug|Any CPU
		{A3E1C980-D5D3-4ACC-9090-4FB903BF7DC9}.Release|Any CPU.ActiveCfg = Release|Any CPU
		{A3E1C980-D5D3-4ACC-9090-4FB903BF7DC9}.Release|Any CPU.Build.0 = Release|Any CPU
	EndGlobalSection
	GlobalSection(SolutionProperties) = preSolution
		HideSolutionNode = FALSE
	EndGlobalSection
	GlobalSection(ExtensibilityGlobals) = postSolution
		SolutionGuid = {89342DE2-0915-42F8-BE00-AD3921A6F0F3}
	EndGlobalSection
EndGlobal
